{
    "name": "mips-asm-formatter",
    "version": "1.2.3",
    "lockfileVersion": 3,
    "requires": true,
    "packages": {
        "": {
            "name": "mips-asm-formatter",
            "version": "1.2.3",
            "license": "LICENSE",
            "engines": {
                "vscode": "^1.48.0"
            }
        }
    }
}
